{
  "name": "nearleyc",
  "version": "0.0.0",
  "lockfileVersion": 2,
  "requires": true,
  "packages": {
    "": {
      "version": "0.0.0",
      "license": "MIT",
      "dependencies": {
        "replace-ext": "^2.0.0"
      }
    },
    "node_modules/replace-ext": {
      "version": "2.0.0",
      "resolved": "https://registry.npmjs.org/replace-ext/-/replace-ext-2.0.0.tgz",
      "integrity": "sha512-UszKE5KVK6JvyD92nzMn9cDapSk6w/CaFZ96CnmDMUqH9oowfxF/ZjRITD25H4DnOQClLA4/j7jLGXXLVKxAug==",
      "engines": {
        "node": ">= 10"
      }
    }
  },
  "dependencies": {
    "replace-ext": {
      "version": "2.0.0",
      "resolved": "https://registry.npmjs.org/replace-ext/-/replace-ext-2.0.0.tgz",
      "integrity": "sha512-UszKE5KVK6JvyD92nzMn9cDapSk6w/CaFZ96CnmDMUqH9oowfxF/ZjRITD25H4DnOQClLA4/j7jLGXXLVKxAug=="
    }
  }
}
